{
  "pins" : [
    {
      "identity" : "swiftsoup",
      "kind" : "remoteSourceControl",
      "location" : "https://github.com/scinfu/SwiftSoup",
      "state" : {
        "revision" : "0e96a20ffd37a515c5c963952d4335c89bed50a6",
        "version" : "2.6.0"
      }
    },
    {
      "identity" : "swiftui-gif",
      "kind" : "remoteSourceControl",
      "location" : "https://github.com/globulus/swiftui-gif",
      "state" : {
        "revision" : "89af6b7e04b0dc0bf97a721d27fc87c4db8e3829",
        "version" : "1.0.1"
      }
    }
  ],
  "version" : 2
}
